
Microsoft Visual Studio Solution File, Format Version 12.00
# Visual Studio Version 17
VisualStudioVersion = 17.0.32002.185
MinimumVisualStudioVersion = 10.0.40219.1
Project("{FAE04EC0-301F-11D3-BF4B-00C04F79EFBC}") = "WebApi.WEB", "WebApi.WEB\WebApi.WEB.csproj", "{644D2470-CDCE-4E37-8B63-59C0042D6DC2}"
EndProject
Project("{FAE04EC0-301F-11D3-BF4B-00C04F79EFBC}") = "WebApi.BLL", "WebApi.BLL\WebApi.BLL.csproj", "{A6DD10B1-4245-4F7A-8721-70B764B4E6FD}"
EndProject
Project("{FAE04EC0-301F-11D3-BF4B-00C04F79EFBC}") = "WebApi.DAL", "WebApi.DAL\WebApi.DAL.csproj", "{418EA68A-CABD-4C93-87B0-950A0B7BD55A}"
EndProject
Global
	GlobalSection(SolutionConfigurationPlatforms) = preSolution
		Debug|Any CPU = Debug|Any CPU
		Release|Any CPU = Release|Any CPU
	EndGlobalSection
	GlobalSection(ProjectConfigurationPlatforms) = postSolution
		{644D2470-CDCE-4E37-8B63-59C0042D6DC2}.Debug|Any CPU.ActiveCfg = Debug|Any CPU
		{644D2470-CDCE-4E37-8B63-59C0042D6DC2}.Debug|Any CPU.Build.0 = Debug|Any CPU
		{644D2470-CDCE-4E37-8B63-59C0042D6DC2}.Release|Any CPU.ActiveCfg = Release|Any CPU
		{644D2470-CDCE-4E37-8B63-59C0042D6DC2}.Release|Any CPU.Build.0 = Release|Any CPU
		{A6DD10B1-4245-4F7A-8721-70B764B4E6FD}.Debug|Any CPU.ActiveCfg = Debug|Any CPU
		{A6DD10B1-4245-4F7A-8721-70B764B4E6FD}.Debug|Any CPU.Build.0 = Debug|Any CPU
		{A6DD10B1-4245-4F7A-8721-70B764B4E6FD}.Release|Any CPU.ActiveCfg = Release|Any CPU
		{A6DD10B1-4245-4F7A-8721-70B764B4E6FD}.Release|Any CPU.Build.0 = Release|Any CPU
		{418EA68A-CABD-4C93-87B0-950A0B7BD55A}.Debug|Any CPU.ActiveCfg = Debug|Any CPU
		{418EA68A-CABD-4C93-87B0-950A0B7BD55A}.Debug|Any CPU.Build.0 = Debug|Any CPU
		{418EA68A-CABD-4C93-87B0-950A0B7BD55A}.Release|Any CPU.ActiveCfg = Release|Any CPU
		{418EA68A-CABD-4C93-87B0-950A0B7BD55A}.Release|Any CPU.Build.0 = Release|Any CPU
	EndGlobalSection
	GlobalSection(SolutionProperties) = preSolution
		HideSolutionNode = FALSE
	EndGlobalSection
	GlobalSection(ExtensibilityGlobals) = postSolution
		SolutionGuid = {CC8017DA-D8A2-488F-B5A2-89A0A42B8776}
	EndGlobalSection
EndGlobal
